<Solution>
  <Project Path="WatchAlong.Shared/WatchAlong.Shared.csproj" />
  <Project Path="WatchAlong/WatchAlong.csproj">
    <Platform Project="x64" />
  </Project>
  <Project Path="WatchAlong.Renderer/WatchAlong.Renderer.csproj">
    <Platform Project="x64" />
  </Project>
  <Project Path="tests/WatchAlong.Tests/WatchAlong.Tests.csproj" />
</Solution>
